Microsoft Visual Studio Solution File, Format Version 12.00
# Visual Studio Version 17
VisualStudioVersion = 17.5.2.0
MinimumVisualStudioVersion = 10.0.40219.1
Project("{FAE04EC0-301F-11D3-BF4B-00C04F79EFBC}") = "GomokuApp", "GomokuApp\GomokuApp.csproj", "{AA963E83-3958-0511-C731-6C9D58242D12}"
EndProject
Global
	GlobalSection(SolutionConfigurationPlatforms) = preSolution
		Debug|Any CPU = Debug|Any CPU
		Release|Any CPU = Release|Any CPU
	EndGlobalSection
	GlobalSection(ProjectConfigurationPlatforms) = postSolution
		{AA963E83-3958-0511-C731-6C9D58242D12}.Debug|Any CPU.ActiveCfg = Debug|Any CPU
		{AA963E83-3958-0511-C731-6C9D58242D12}.Debug|Any CPU.Build.0 = Debug|Any CPU
		{AA963E83-3958-0511-C731-6C9D58242D12}.Release|Any CPU.ActiveCfg = Release|Any CPU
		{AA963E83-3958-0511-C731-6C9D58242D12}.Release|Any CPU.Build.0 = Release|Any CPU
	EndGlobalSection
	GlobalSection(SolutionProperties) = preSolution
		HideSolutionNode = FALSE
	EndGlobalSection
	GlobalSection(ExtensibilityGlobals) = postSolution
		SolutionGuid = {DC241D5C-2C6B-4A8F-8B8E-B75F175C9A7B}
	EndGlobalSection
EndGlobal
